
Microsoft Visual Studio Solution File, Format Version 12.00
# Visual Studio Version 16
VisualStudioVersion = 16.0.32428.217
MinimumVisualStudioVersion = 10.0.40219.1
Project("{8BC9CEB8-8B4A-11D0-8D11-00A0C91BC942}") = "Forklift", "Forklift\Forklift.vcxproj", "{70A56FA2-6F0D-4ACD-8D56-DBEE17041581}"
	ProjectSection(ProjectDependencies) = postProject
		{37489709-8054-4903-9C49-A79846049FC9} = {37489709-8054-4903-9C49-A79846049FC9}
		{DB383579-DA7F-48C0-AB1F-7C4C93544E2C} = {DB383579-DA7F-48C0-AB1F-7C4C93544E2C}
	EndProjectSection
EndProject
Project("{8BC9CEB8-8B4A-11D0-8D11-00A0C91BC942}") = "Indicium-Supra", "Libraries\Indicium-Supra\src\Indicium-Supra\Indicium-Supra.vcxproj", "{DB383579-DA7F-48C0-AB1F-7C4C93544E2C}"
EndProject
Project("{2150E333-8FDC-42A3-9474-1A3956D46DE8}") = "Libraries", "Libraries", "{742B3C35-B02A-42C8-BEEB-ABC88AF85FAA}"
EndProject
Project("{8BC9CEB8-8B4A-11D0-8D11-00A0C91BC942}") = "Detours", "Libraries\Detours\vc\Detours.vcxproj", "{37489709-8054-4903-9C49-A79846049FC9}"
EndProject
Global
	GlobalSection(SolutionConfigurationPlatforms) = preSolution
		Debug_LIB|ARM = Debug_LIB|ARM
		Debug_LIB|ARM64 = Debug_LIB|ARM64
		Debug_LIB|x64 = Debug_LIB|x64
		Debug_LIB|x86 = Debug_LIB|x86
		Debug|ARM = Debug|ARM
		Debug|ARM64 = Debug|ARM64
		Debug|x64 = Debug|x64
		Debug|x86 = Debug|x86
		DebugMDd|ARM = DebugMDd|ARM
		DebugMDd|ARM64 = DebugMDd|ARM64
		DebugMDd|x64 = DebugMDd|x64
		DebugMDd|x86 = DebugMDd|x86
		Release_LIB|ARM = Release_LIB|ARM
		Release_LIB|ARM64 = Release_LIB|ARM64
		Release_LIB|x64 = Release_LIB|x64
		Release_LIB|x86 = Release_LIB|x86
		Release|ARM = Release|ARM
		Release|ARM64 = Release|ARM64
		Release|x64 = Release|x64
		Release|x86 = Release|x86
		ReleaseMD|ARM = ReleaseMD|ARM
		ReleaseMD|ARM64 = ReleaseMD|ARM64
		ReleaseMD|x64 = ReleaseMD|x64
		ReleaseMD|x86 = ReleaseMD|x86
	EndGlobalSection
	GlobalSection(ProjectConfigurationPlatforms) = postSolution
		{70A56FA2-6F0D-4ACD-8D56-DBEE17041581}.Debug_LIB|ARM.ActiveCfg = Release|Win32
		{70A56FA2-6F0D-4ACD-8D56-DBEE17041581}.Debug_LIB|ARM.Build.0 = Release|Win32
		{70A56FA2-6F0D-4ACD-8D56-DBEE17041581}.Debug_LIB|ARM64.ActiveCfg = Release|Win32
		{70A56FA2-6F0D-4ACD-8D56-DBEE17041581}.Debug_LIB|ARM64.Build.0 = Release|Win32
		{70A56FA2-6F0D-4ACD-8D56-DBEE17041581}.Debug_LIB|x64.ActiveCfg = Debug|x64
		{70A56FA2-6F0D-4ACD-8D56-DBEE17041581}.Debug_LIB|x64.Build.0 = Debug|x64
		{70A56FA2-6F0D-4ACD-8D56-DBEE17041581}.Debug_LIB|x86.ActiveCfg = Debug|Win32
		{70A56FA2-6F0D-4ACD-8D56-DBEE17041581}.Debug_LIB|x86.Build.0 = Debug|Win32
		{70A56FA2-6F0D-4ACD-8D56-DBEE17041581}.Debug|ARM.ActiveCfg = Debug|Win32
		{70A56FA2-6F0D-4ACD-8D56-DBEE17041581}.Debug|ARM64.ActiveCfg = Debug|Win32
		{70A56FA2-6F0D-4ACD-8D56-DBEE17041581}.Debug|x64.ActiveCfg = Debug|x64
		{70A56FA2-6F0D-4ACD-8D56-DBEE17041581}.Debug|x64.Build.0 = Debug|x64
		{70A56FA2-6F0D-4ACD-8D56-DBEE17041581}.Debug|x86.ActiveCfg = Debug|Win32
		{70A56FA2-6F0D-4ACD-8D56-DBEE17041581}.Debug|x86.Build.0 = Debug|Win32
		{70A56FA2-6F0D-4ACD-8D56-DBEE17041581}.DebugMDd|ARM.ActiveCfg = Release|Win32
		{70A56FA2-6F0D-4ACD-8D56-DBEE17041581}.DebugMDd|ARM.Build.0 = Release|Win32
		{70A56FA2-6F0D-4ACD-8D56-DBEE17041581}.DebugMDd|ARM64.ActiveCfg = Release|Win32
		{70A56FA2-6F0D-4ACD-8D56-DBEE17041581}.DebugMDd|ARM64.Build.0 = Release|Win32
		{70A56FA2-6F0D-4ACD-8D56-DBEE17041581}.DebugMDd|x64.ActiveCfg = Debug|x64
		{70A56FA2-6F0D-4ACD-8D56-DBEE17041581}.DebugMDd|x64.Build.0 = Debug|x64
		{70A56FA2-6F0D-4ACD-8D56-DBEE17041581}.DebugMDd|x86.ActiveCfg = Debug|Win32
		{70A56FA2-6F0D-4ACD-8D56-DBEE17041581}.DebugMDd|x86.Build.0 = Debug|Win32
		{70A56FA2-6F0D-4ACD-8D56-DBEE17041581}.Release_LIB|ARM.ActiveCfg = Release|Win32
		{70A56FA2-6F0D-4ACD-8D56-DBEE17041581}.Release_LIB|ARM.Build.0 = Release|Win32
		{70A56FA2-6F0D-4ACD-8D56-DBEE17041581}.Release_LIB|ARM64.ActiveCfg = Release|Win32
		{70A56FA2-6F0D-4ACD-8D56-DBEE17041581}.Release_LIB|ARM64.Build.0 = Release|Win32
		{70A56FA2-6F0D-4ACD-8D56-DBEE17041581}.Release_LIB|x64.ActiveCfg = Release|x64
		{70A56FA2-6F0D-4ACD-8D56-DBEE17041581}.Release_LIB|x64.Build.0 = Release|x64
		{70A56FA2-6F0D-4ACD-8D56-DBEE17041581}.Release_LIB|x86.ActiveCfg = Release|Win32
		{70A56FA2-6F0D-4ACD-8D56-DBEE17041581}.Release_LIB|x86.Build.0 = Release|Win32
		{70A56FA2-6F0D-4ACD-8D56-DBEE17041581}.Release|ARM.ActiveCfg = Release|Win32
		{70A56FA2-6F0D-4ACD-8D56-DBEE17041581}.Release|ARM64.ActiveCfg = Release|Win32
		{70A56FA2-6F0D-4ACD-8D56-DBEE17041581}.Release|x64.ActiveCfg = Release|x64
		{70A56FA2-6F0D-4ACD-8D56-DBEE17041581}.Release|x64.Build.0 = Release|x64
		{70A56FA2-6F0D-4ACD-8D56-DBEE17041581}.Release|x86.ActiveCfg = Release|Win32
		{70A56FA2-6F0D-4ACD-8D56-DBEE17041581}.Release|x86.Build.0 = Release|Win32
		{70A56FA2-6F0D-4ACD-8D56-DBEE17041581}.ReleaseMD|ARM.ActiveCfg = Release|Win32
		{70A56FA2-6F0D-4ACD-8D56-DBEE17041581}.ReleaseMD|ARM.Build.0 = Release|Win32
		{70A56FA2-6F0D-4ACD-8D56-DBEE17041581}.ReleaseMD|ARM64.ActiveCfg = Release|Win32
		{70A56FA2-6F0D-4ACD-8D56-DBEE17041581}.ReleaseMD|ARM64.Build.0 = Release|Win32
		{70A56FA2-6F0D-4ACD-8D56-DBEE17041581}.ReleaseMD|x64.ActiveCfg = Release|x64
		{70A56FA2-6F0D-4ACD-8D56-DBEE17041581}.ReleaseMD|x64.Build.0 = Release|x64
		{70A56FA2-6F0D-4ACD-8D56-DBEE17041581}.ReleaseMD|x86.ActiveCfg = Release|Win32
		{70A56FA2-6F0D-4ACD-8D56-DBEE17041581}.ReleaseMD|x86.Build.0 = Release|Win32
		{DB383579-DA7F-48C0-AB1F-7C4C93544E2C}.Debug_LIB|ARM.ActiveCfg = Debug_LIB|Win32
		{DB383579-DA7F-48C0-AB1F-7C4C93544E2C}.Debug_LIB|ARM64.ActiveCfg = Debug_LIB|Win32
		{DB383579-DA7F-48C0-AB1F-7C4C93544E2C}.Debug_LIB|x64.ActiveCfg = Debug_LIB|x64
		{DB383579-DA7F-48C0-AB1F-7C4C93544E2C}.Debug_LIB|x64.Build.0 = Debug_LIB|x64
		{DB383579-DA7F-48C0-AB1F-7C4C93544E2C}.Debug_LIB|x86.ActiveCfg = Debug_LIB|Win32
		{DB383579-DA7F-48C0-AB1F-7C4C93544E2C}.Debug_LIB|x86.Build.0 = Debug_LIB|Win32
		{DB383579-DA7F-48C0-AB1F-7C4C93544E2C}.Debug|ARM.ActiveCfg = Debug|Win32
		{DB383579-DA7F-48C0-AB1F-7C4C93544E2C}.Debug|ARM64.ActiveCfg = Debug|Win32
		{DB383579-DA7F-48C0-AB1F-7C4C93544E2C}.Debug|x64.ActiveCfg = Debug_LIB|x64
		{DB383579-DA7F-48C0-AB1F-7C4C93544E2C}.Debug|x64.Build.0 = Debug_LIB|x64
		{DB383579-DA7F-48C0-AB1F-7C4C93544E2C}.Debug|x86.ActiveCfg = Debug|Win32
		{DB383579-DA7F-48C0-AB1F-7C4C93544E2C}.Debug|x86.Build.0 = Debug|Win32
		{DB383579-DA7F-48C0-AB1F-7C4C93544E2C}.DebugMDd|ARM.ActiveCfg = Debug|Win32
		{DB383579-DA7F-48C0-AB1F-7C4C93544E2C}.DebugMDd|ARM.Build.0 = Debug|Win32
		{DB383579-DA7F-48C0-AB1F-7C4C93544E2C}.DebugMDd|ARM64.ActiveCfg = Debug|Win32
		{DB383579-DA7F-48C0-AB1F-7C4C93544E2C}.DebugMDd|ARM64.Build.0 = Debug|Win32
		{DB383579-DA7F-48C0-AB1F-7C4C93544E2C}.DebugMDd|x64.ActiveCfg = Debug_LIB|x64
		{DB383579-DA7F-48C0-AB1F-7C4C93544E2C}.DebugMDd|x64.Build.0 = Debug_LIB|x64
		{DB383579-DA7F-48C0-AB1F-7C4C93544E2C}.DebugMDd|x86.ActiveCfg = Debug|Win32
		{DB383579-DA7F-48C0-AB1F-7C4C93544E2C}.DebugMDd|x86.Build.0 = Debug|Win32
		{DB383579-DA7F-48C0-AB1F-7C4C93544E2C}.Release_LIB|ARM.ActiveCfg = Release_LIB|Win32
		{DB383579-DA7F-48C0-AB1F-7C4C93544E2C}.Release_LIB|ARM64.ActiveCfg = Release_LIB|Win32
		{DB383579-DA7F-48C0-AB1F-7C4C93544E2C}.Release_LIB|x64.ActiveCfg = Release_LIB|x64
		{DB383579-DA7F-48C0-AB1F-7C4C93544E2C}.Release_LIB|x64.Build.0 = Release_LIB|x64
		{DB383579-DA7F-48C0-AB1F-7C4C93544E2C}.Release_LIB|x86.ActiveCfg = Release_LIB|Win32
		{DB383579-DA7F-48C0-AB1F-7C4C93544E2C}.Release_LIB|x86.Build.0 = Release_LIB|Win32
		{DB383579-DA7F-48C0-AB1F-7C4C93544E2C}.Release|ARM.ActiveCfg = Release|Win32
		{DB383579-DA7F-48C0-AB1F-7C4C93544E2C}.Release|ARM64.ActiveCfg = Release|Win32
		{DB383579-DA7F-48C0-AB1F-7C4C93544E2C}.Release|x64.ActiveCfg = Release_LIB|x64
		{DB383579-DA7F-48C0-AB1F-7C4C93544E2C}.Release|x64.Build.0 = Release_LIB|x64
		{DB383579-DA7F-48C0-AB1F-7C4C93544E2C}.Release|x86.ActiveCfg = Release|Win32
		{DB383579-DA7F-48C0-AB1F-7C4C93544E2C}.Release|x86.Build.0 = Release|Win32
		{DB383579-DA7F-48C0-AB1F-7C4C93544E2C}.ReleaseMD|ARM.ActiveCfg = Debug|Win32
		{DB383579-DA7F-48C0-AB1F-7C4C93544E2C}.ReleaseMD|ARM.Build.0 = Debug|Win32
		{DB383579-DA7F-48C0-AB1F-7C4C93544E2C}.ReleaseMD|ARM64.ActiveCfg = Debug|Win32
		{DB383579-DA7F-48C0-AB1F-7C4C93544E2C}.ReleaseMD|ARM64.Build.0 = Debug|Win32
		{DB383579-DA7F-48C0-AB1F-7C4C93544E2C}.ReleaseMD|x64.ActiveCfg = Release_LIB|x64
		{DB383579-DA7F-48C0-AB1F-7C4C93544E2C}.ReleaseMD|x64.Build.0 = Release_LIB|x64
		{DB383579-DA7F-48C0-AB1F-7C4C93544E2C}.ReleaseMD|x86.ActiveCfg = Release_LIB|Win32
		{DB383579-DA7F-48C0-AB1F-7C4C93544E2C}.ReleaseMD|x86.Build.0 = Release_LIB|Win32
		{37489709-8054-4903-9C49-A79846049FC9}.Debug_LIB|ARM.ActiveCfg = DebugMDd|ARM
		{37489709-8054-4903-9C49-A79846049FC9}.Debug_LIB|ARM.Build.0 = DebugMDd|ARM
		{37489709-8054-4903-9C49-A79846049FC9}.Debug_LIB|ARM64.ActiveCfg = DebugMDd|ARM64
		{37489709-8054-4903-9C49-A79846049FC9}.Debug_LIB|ARM64.Build.0 = DebugMDd|ARM64
		{37489709-8054-4903-9C49-A79846049FC9}.Debug_LIB|x64.ActiveCfg = DebugMDd|x64
		{37489709-8054-4903-9C49-A79846049FC9}.Debug_LIB|x64.Build.0 = DebugMDd|x64
		{37489709-8054-4903-9C49-A79846049FC9}.Debug_LIB|x86.ActiveCfg = DebugMDd|Win32
		{37489709-8054-4903-9C49-A79846049FC9}.Debug_LIB|x86.Build.0 = DebugMDd|Win32
		{37489709-8054-4903-9C49-A79846049FC9}.Debug|ARM.ActiveCfg = DebugMDd|ARM
		{37489709-8054-4903-9C49-A79846049FC9}.Debug|ARM.Build.0 = DebugMDd|ARM
		{37489709-8054-4903-9C49-A79846049FC9}.Debug|ARM64.ActiveCfg = DebugMDd|ARM64
		{37489709-8054-4903-9C49-A79846049FC9}.Debug|ARM64.Build.0 = DebugMDd|ARM64
		{37489709-8054-4903-9C49-A79846049FC9}.Debug|x64.ActiveCfg = DebugMDd|x64
		{37489709-8054-4903-9C49-A79846049FC9}.Debug|x64.Build.0 = DebugMDd|x64
		{37489709-8054-4903-9C49-A79846049FC9}.Debug|x86.ActiveCfg = DebugMDd|Win32
		{37489709-8054-4903-9C49-A79846049FC9}.Debug|x86.Build.0 = DebugMDd|Win32
		{37489709-8054-4903-9C49-A79846049FC9}.DebugMDd|ARM.ActiveCfg = DebugMDd|ARM
		{37489709-8054-4903-9C49-A79846049FC9}.DebugMDd|ARM.Build.0 = DebugMDd|ARM
		{37489709-8054-4903-9C49-A79846049FC9}.DebugMDd|ARM64.ActiveCfg = DebugMDd|ARM64
		{37489709-8054-4903-9C49-A79846049FC9}.DebugMDd|ARM64.Build.0 = DebugMDd|ARM64
		{37489709-8054-4903-9C49-A79846049FC9}.DebugMDd|x64.ActiveCfg = DebugMDd|x64
		{37489709-8054-4903-9C49-A79846049FC9}.DebugMDd|x64.Build.0 = DebugMDd|x64
		{37489709-8054-4903-9C49-A79846049FC9}.DebugMDd|x86.ActiveCfg = DebugMDd|Win32
		{37489709-8054-4903-9C49-A79846049FC9}.DebugMDd|x86.Build.0 = DebugMDd|Win32
		{37489709-8054-4903-9C49-A79846049FC9}.Release_LIB|ARM.ActiveCfg = ReleaseMD|ARM
		{37489709-8054-4903-9C49-A79846049FC9}.Release_LIB|ARM.Build.0 = ReleaseMD|ARM
		{37489709-8054-4903-9C49-A79846049FC9}.Release_LIB|ARM64.ActiveCfg = ReleaseMD|ARM64
		{37489709-8054-4903-9C49-A79846049FC9}.Release_LIB|ARM64.Build.0 = ReleaseMD|ARM64
		{37489709-8054-4903-9C49-A79846049FC9}.Release_LIB|x64.ActiveCfg = ReleaseMD|x64
		{37489709-8054-4903-9C49-A79846049FC9}.Release_LIB|x64.Build.0 = ReleaseMD|x64
		{37489709-8054-4903-9C49-A79846049FC9}.Release_LIB|x86.ActiveCfg = ReleaseMD|Win32
		{37489709-8054-4903-9C49-A79846049FC9}.Release_LIB|x86.Build.0 = ReleaseMD|Win32
		{37489709-8054-4903-9C49-A79846049FC9}.Release|ARM.ActiveCfg = ReleaseMD|ARM
		{37489709-8054-4903-9C49-A79846049FC9}.Release|ARM.Build.0 = ReleaseMD|ARM
		{37489709-8054-4903-9C49-A79846049FC9}.Release|ARM64.ActiveCfg = ReleaseMD|ARM64
		{37489709-8054-4903-9C49-A79846049FC9}.Release|ARM64.Build.0 = ReleaseMD|ARM64
		{37489709-8054-4903-9C49-A79846049FC9}.Release|x64.ActiveCfg = ReleaseMD|x64
		{37489709-8054-4903-9C49-A79846049FC9}.Release|x64.Build.0 = ReleaseMD|x64
		{37489709-8054-4903-9C49-A79846049FC9}.Release|x86.ActiveCfg = ReleaseMD|Win32
		{37489709-8054-4903-9C49-A79846049FC9}.Release|x86.Build.0 = ReleaseMD|Win32
		{37489709-8054-4903-9C49-A79846049FC9}.ReleaseMD|ARM.ActiveCfg = ReleaseMD|ARM
		{37489709-8054-4903-9C49-A79846049FC9}.ReleaseMD|ARM.Build.0 = ReleaseMD|ARM
		{37489709-8054-4903-9C49-A79846049FC9}.ReleaseMD|ARM64.ActiveCfg = ReleaseMD|ARM64
		{37489709-8054-4903-9C49-A79846049FC9}.ReleaseMD|ARM64.Build.0 = ReleaseMD|ARM64
		{37489709-8054-4903-9C49-A79846049FC9}.ReleaseMD|x64.ActiveCfg = ReleaseMD|x64
		{37489709-8054-4903-9C49-A79846049FC9}.ReleaseMD|x64.Build.0 = ReleaseMD|x64
		{37489709-8054-4903-9C49-A79846049FC9}.ReleaseMD|x86.ActiveCfg = ReleaseMD|Win32
		{37489709-8054-4903-9C49-A79846049FC9}.ReleaseMD|x86.Build.0 = ReleaseMD|Win32
	EndGlobalSection
	GlobalSection(SolutionProperties) = preSolution
		HideSolutionNode = FALSE
	EndGlobalSection
	GlobalSection(NestedProjects) = preSolution
		{DB383579-DA7F-48C0-AB1F-7C4C93544E2C} = {742B3C35-B02A-42C8-BEEB-ABC88AF85FAA}
		{37489709-8054-4903-9C49-A79846049FC9} = {742B3C35-B02A-42C8-BEEB-ABC88AF85FAA}
	EndGlobalSection
	GlobalSection(ExtensibilityGlobals) = postSolution
		SolutionGuid = {A8F7E76D-6EF0-4AF9-AB73-338A4AD47C9F}
	EndGlobalSection
EndGlobal
